
Microsoft Visual Studio Solution File, Format Version 12.00
# Visual Studio 2015
Project("{FAE04EC0-301F-11D3-BF4B-00C04F79EFBC}") = "Ball-and-Beam.CSharp", "Ball-and-Beam.CSharp.csproj", "{F4EBA35B-5FA9-EFDA-DE4A-C84F7B3FAC41}"
EndProject
Global
	GlobalSection(SolutionConfigurationPlatforms) = preSolution
		Debug|Any CPU = Debug|Any CPU
		Release|Any CPU = Release|Any CPU
	EndGlobalSection
	GlobalSection(ProjectConfigurationPlatforms) = postSolution
		{F4EBA35B-5FA9-EFDA-DE4A-C84F7B3FAC41}.Debug|Any CPU.ActiveCfg = Debug|Any CPU
		{F4EBA35B-5FA9-EFDA-DE4A-C84F7B3FAC41}.Debug|Any CPU.Build.0 = Debug|Any CPU
		{F4EBA35B-5FA9-EFDA-DE4A-C84F7B3FAC41}.Release|Any CPU.ActiveCfg = Release|Any CPU
		{F4EBA35B-5FA9-EFDA-DE4A-C84F7B3FAC41}.Release|Any CPU.Build.0 = Release|Any CPU
	EndGlobalSection
	GlobalSection(SolutionProperties) = preSolution
		HideSolutionNode = FALSE
	EndGlobalSection
EndGlobal
