
Microsoft Visual Studio Solution File, Format Version 12.00
# Visual Studio 2015
Project("{FAE04EC0-301F-11D3-BF4B-00C04F79EFBC}") = "Ball-and-Beam-Unity Refactore.CSharp", "Ball-and-Beam-Unity Refactore.CSharp.csproj", "{28844EC3-8D43-54E7-8EB4-E691B242E558}"
EndProject
Global
	GlobalSection(SolutionConfigurationPlatforms) = preSolution
		Debug|Any CPU = Debug|Any CPU
		Release|Any CPU = Release|Any CPU
	EndGlobalSection
	GlobalSection(ProjectConfigurationPlatforms) = postSolution
		{28844EC3-8D43-54E7-8EB4-E691B242E558}.Debug|Any CPU.ActiveCfg = Debug|Any CPU
		{28844EC3-8D43-54E7-8EB4-E691B242E558}.Debug|Any CPU.Build.0 = Debug|Any CPU
		{28844EC3-8D43-54E7-8EB4-E691B242E558}.Release|Any CPU.ActiveCfg = Release|Any CPU
		{28844EC3-8D43-54E7-8EB4-E691B242E558}.Release|Any CPU.Build.0 = Release|Any CPU
	EndGlobalSection
	GlobalSection(SolutionProperties) = preSolution
		HideSolutionNode = FALSE
	EndGlobalSection
EndGlobal
